# This file is automatically @generated by Poetry 1.7.1 and should not be changed manually.
# It will be replaced with an actual lock file when 'poetry install' is run.
# This is just a placeholder to indicate that Poetry will manage dependencies.

[[package]]
name = "fastapi"
version = "0.109.2"
description = "FastAPI framework, high performance, easy to learn, fast to code, ready for production"
category = "main"
optional = false
python-versions = ">=3.8"

[package.dependencies]
pydantic = ">=2.5.2,<3.0.0"
starlette = ">=0.36.3,<0.37.0"
typing-extensions = ">=4.8.0"

[[package]]
name = "nicegui"
version = "1.4.24"
description = "Create web-based user interfaces with Python. The nice way."
category = "main"
optional = false
python-versions = ">=3.8"

[package.dependencies]
fastapi = ">=0.109.1,<0.110.0"

# More packages will be added here when 'poetry install' is run